// !$*UTF8*$!
{
	archiveVersion = 1;
	classes = {
	};
	objectVersion = 46;
	objects = {

/* Begin PBXBuildFile section */
		6F35603B21AD42AD00EC9094 /* CommandGenerator.m in Sources */ = {isa = PBXBuildFile; fileRef = 6F35603A21AD42AD00EC9094 /* CommandGenerator.m */; };
		6F35604621AD4CED00EC9094 /* UIImage+Categories.m in Sources */ = {isa = PBXBuildFile; fileRef = 6F35604521AD4CED00EC9094 /* UIImage+Categories.m */; };
		6F35604A21AD4F6500EC9094 /* Communication.m in Sources */ = {isa = PBXBuildFile; fileRef = 6F35604921AD4F6500EC9094 /* Communication.m */; };
		6F35605021AD636400EC9094 /* PaperSizes.m in Sources */ = {isa = PBXBuildFile; fileRef = 6F35604F21AD636400EC9094 /* PaperSizes.m */; };
		6F35605321AD678600EC9094 /* PrinterSetting.m in Sources */ = {isa = PBXBuildFile; fileRef = 6F35605221AD678600EC9094 /* PrinterSetting.m */; };
		6F547A7321B10F2C00CCEABF /* CommandQueueManager.m in Sources */ = {isa = PBXBuildFile; fileRef = 6F547A7221B10F2C00CCEABF /* CommandQueueManager.m */; };
		6F640E7921943B1F001A7BFD /* StarPrinter.m in Sources */ = {isa = PBXBuildFile; fileRef = 6F640E7821943B1F001A7BFD /* StarPrinter.m */; };
		6FE57E5D21B52AD3009B344F /* StarIO.framework in Frameworks */ = {isa = PBXBuildFile; fileRef = 6FE57E5B21B52AD3009B344F /* StarIO.framework */; };
		6FE57E5E21B52AD3009B344F /* StarIO_Extension.framework in Frameworks */ = {isa = PBXBuildFile; fileRef = 6FE57E5C21B52AD3009B344F /* StarIO_Extension.framework */; };
		6FF1980921A57C2300DCA472 /* DictionaryMappable.m in Sources */ = {isa = PBXBuildFile; fileRef = 6FF1980821A57C2300DCA472 /* DictionaryMappable.m */; };
		6FF1980C21A57D4D00DCA472 /* PortInfo+Categories.m in Sources */ = {isa = PBXBuildFile; fileRef = 6FF1980B21A57D4D00DCA472 /* PortInfo+Categories.m */; };
/* End PBXBuildFile section */

/* Begin PBXCopyFilesBuildPhase section */
		58B511D91A9E6C8500147676 /* CopyFiles */ = {
			isa = PBXCopyFilesBuildPhase;
			buildActionMask = 2147483647;
			dstPath = "include/$(PRODUCT_NAME)";
			dstSubfolderSpec = 16;
			files = (
			);
			runOnlyForDeploymentPostprocessing = 0;
		};
/* End PBXCopyFilesBuildPhase section */

/* Begin PBXFileReference section */
		134814201AA4EA6300B7C361 /* libRNStarPrinter.a */ = {isa = PBXFileReference; explicitFileType = archive.ar; includeInIndex = 0; path = libRNStarPrinter.a; sourceTree = BUILT_PRODUCTS_DIR; };
		6F35603921AD423A00EC9094 /* CommandGenerator.h */ = {isa = PBXFileReference; lastKnownFileType = sourcecode.c.h; path = CommandGenerator.h; sourceTree = "<group>"; };
		6F35603A21AD42AD00EC9094 /* CommandGenerator.m */ = {isa = PBXFileReference; lastKnownFileType = sourcecode.c.objc; path = CommandGenerator.m; sourceTree = "<group>"; };
		6F35604521AD4CED00EC9094 /* UIImage+Categories.m */ = {isa = PBXFileReference; lastKnownFileType = sourcecode.c.objc; path = "UIImage+Categories.m"; sourceTree = "<group>"; };
		6F35604821AD4F1000EC9094 /* Communication.h */ = {isa = PBXFileReference; lastKnownFileType = sourcecode.c.h; path = Communication.h; sourceTree = "<group>"; };
		6F35604921AD4F6500EC9094 /* Communication.m */ = {isa = PBXFileReference; lastKnownFileType = sourcecode.c.objc; path = Communication.m; sourceTree = "<group>"; };
		6F35604F21AD636400EC9094 /* PaperSizes.m */ = {isa = PBXFileReference; lastKnownFileType = sourcecode.c.objc; path = PaperSizes.m; sourceTree = "<group>"; };
		6F35605121AD643B00EC9094 /* PrinterSetting.h */ = {isa = PBXFileReference; lastKnownFileType = sourcecode.c.h; path = PrinterSetting.h; sourceTree = "<group>"; };
		6F35605221AD678600EC9094 /* PrinterSetting.m */ = {isa = PBXFileReference; lastKnownFileType = sourcecode.c.objc; path = PrinterSetting.m; sourceTree = "<group>"; };
		6F547A7121B10EEC00CCEABF /* CommandQueueManager.h */ = {isa = PBXFileReference; lastKnownFileType = sourcecode.c.h; path = CommandQueueManager.h; sourceTree = "<group>"; };
		6F547A7221B10F2C00CCEABF /* CommandQueueManager.m */ = {isa = PBXFileReference; lastKnownFileType = sourcecode.c.objc; path = CommandQueueManager.m; sourceTree = "<group>"; };
		6F640E7821943B1F001A7BFD /* StarPrinter.m */ = {isa = PBXFileReference; lastKnownFileType = sourcecode.c.objc; path = StarPrinter.m; sourceTree = "<group>"; };
		6F6410DB21955BA4001A7BFD /* StarPrinter.h */ = {isa = PBXFileReference; lastKnownFileType = sourcecode.c.h; path = StarPrinter.h; sourceTree = "<group>"; };
		6FE57E5B21B52AD3009B344F /* StarIO.framework */ = {isa = PBXFileReference; lastKnownFileType = wrapper.framework; path = StarIO.framework; sourceTree = "<group>"; };
		6FE57E5C21B52AD3009B344F /* StarIO_Extension.framework */ = {isa = PBXFileReference; lastKnownFileType = wrapper.framework; path = StarIO_Extension.framework; sourceTree = "<group>"; };
		6FF1980821A57C2300DCA472 /* DictionaryMappable.m */ = {isa = PBXFileReference; lastKnownFileType = sourcecode.c.objc; path = DictionaryMappable.m; sourceTree = "<group>"; };
		6FF1980B21A57D4D00DCA472 /* PortInfo+Categories.m */ = {isa = PBXFileReference; lastKnownFileType = sourcecode.c.objc; path = "PortInfo+Categories.m"; sourceTree = "<group>"; };
/* End PBXFileReference section */

/* Begin PBXFrameworksBuildPhase section */
		58B511D81A9E6C8500147676 /* Frameworks */ = {
			isa = PBXFrameworksBuildPhase;
			buildActionMask = 2147483647;
			files = (
				6FE57E5E21B52AD3009B344F /* StarIO_Extension.framework in Frameworks */,
				6FE57E5D21B52AD3009B344F /* StarIO.framework in Frameworks */,
			);
			runOnlyForDeploymentPostprocessing = 0;
		};
/* End PBXFrameworksBuildPhase section */

/* Begin PBXGroup section */
		134814211AA4EA7D00B7C361 /* Products */ = {
			isa = PBXGroup;
			children = (
				134814201AA4EA6300B7C361 /* libRNStarPrinter.a */,
			);
			name = Products;
			sourceTree = "<group>";
		};
		58B511D21A9E6C8500147676 = {
			isa = PBXGroup;
			children = (
				6F547A7021B10EB500CCEABF /* Queues */,
				6F35604B21AD592200EC9094 /* PrinterSetting */,
				6F35604721AD4EED00EC9094 /* Communication */,
				6F35603821AD41F300EC9094 /* Commands */,
				6F35603621AD3BBD00EC9094 /* Utility */,
				6F6410DB21955BA4001A7BFD /* StarPrinter.h */,
				6F640E7821943B1F001A7BFD /* StarPrinter.m */,
				134814211AA4EA7D00B7C361 /* Products */,
				6F640FED21954434001A7BFD /* Frameworks */,
			);
			sourceTree = "<group>";
		};
		6F35603621AD3BBD00EC9094 /* Utility */ = {
			isa = PBXGroup;
			children = (
				6FF1980821A57C2300DCA472 /* DictionaryMappable.m */,
				6FF1980B21A57D4D00DCA472 /* PortInfo+Categories.m */,
				6F35604521AD4CED00EC9094 /* UIImage+Categories.m */,
			);
			name = Utility;
			sourceTree = "<group>";
		};
		6F35603821AD41F300EC9094 /* Commands */ = {
			isa = PBXGroup;
			children = (
				6F35603921AD423A00EC9094 /* CommandGenerator.h */,
				6F35603A21AD42AD00EC9094 /* CommandGenerator.m */,
			);
			name = Commands;
			sourceTree = "<group>";
		};
		6F35604721AD4EED00EC9094 /* Communication */ = {
			isa = PBXGroup;
			children = (
				6F35604821AD4F1000EC9094 /* Communication.h */,
				6F35604921AD4F6500EC9094 /* Communication.m */,
			);
			name = Communication;
			sourceTree = "<group>";
		};
		6F35604B21AD592200EC9094 /* PrinterSetting */ = {
			isa = PBXGroup;
			children = (
				6F35604F21AD636400EC9094 /* PaperSizes.m */,
				6F35605121AD643B00EC9094 /* PrinterSetting.h */,
				6F35605221AD678600EC9094 /* PrinterSetting.m */,
			);
			name = PrinterSetting;
			sourceTree = "<group>";
		};
		6F547A7021B10EB500CCEABF /* Queues */ = {
			isa = PBXGroup;
			children = (
				6F547A7121B10EEC00CCEABF /* CommandQueueManager.h */,
				6F547A7221B10F2C00CCEABF /* CommandQueueManager.m */,
			);
			name = Queues;
			sourceTree = "<group>";
		};
		6F640FED21954434001A7BFD /* Frameworks */ = {
			isa = PBXGroup;
			children = (
				6FE57E5B21B52AD3009B344F /* StarIO.framework */,
				6FE57E5C21B52AD3009B344F /* StarIO_Extension.framework */,
			);
			name = Frameworks;
			sourceTree = "<group>";
		};
/* End PBXGroup section */

/* Begin PBXNativeTarget section */
		58B511DA1A9E6C8500147676 /* RNStarPrinter */ = {
			isa = PBXNativeTarget;
			buildConfigurationList = 58B511EF1A9E6C8500147676 /* Build configuration list for PBXNativeTarget "RNStarPrinter" */;
			buildPhases = (
				58B511D71A9E6C8500147676 /* Sources */,
				58B511D81A9E6C8500147676 /* Frameworks */,
				58B511D91A9E6C8500147676 /* CopyFiles */,
			);
			buildRules = (
			);
			dependencies = (
			);
			name = RNStarPrinter;
			productName = RCTDataManager;
			productReference = 134814201AA4EA6300B7C361 /* libRNStarPrinter.a */;
			productType = "com.apple.product-type.library.static";
		};
/* End PBXNativeTarget section */

/* Begin PBXProject section */
		58B511D31A9E6C8500147676 /* Project object */ = {
			isa = PBXProject;
			attributes = {
				LastUpgradeCheck = 1000;
				ORGANIZATIONNAME = Facebook;
				TargetAttributes = {
					58B511DA1A9E6C8500147676 = {
						CreatedOnToolsVersion = 6.1.1;
						LastSwiftMigration = 1000;
					};
				};
			};
			buildConfigurationList = 58B511D61A9E6C8500147676 /* Build configuration list for PBXProject "RNStarPrinter" */;
			compatibilityVersion = "Xcode 3.2";
			developmentRegion = English;
			hasScannedForEncodings = 0;
			knownRegions = (
				en,
			);
			mainGroup = 58B511D21A9E6C8500147676;
			productRefGroup = 58B511D21A9E6C8500147676;
			projectDirPath = "";
			projectRoot = "";
			targets = (
				58B511DA1A9E6C8500147676 /* RNStarPrinter */,
			);
		};
/* End PBXProject section */

/* Begin PBXSourcesBuildPhase section */
		58B511D71A9E6C8500147676 /* Sources */ = {
			isa = PBXSourcesBuildPhase;
			buildActionMask = 2147483647;
			files = (
				6FF1980C21A57D4D00DCA472 /* PortInfo+Categories.m in Sources */,
				6F35604621AD4CED00EC9094 /* UIImage+Categories.m in Sources */,
				6F35604A21AD4F6500EC9094 /* Communication.m in Sources */,
				6F35605021AD636400EC9094 /* PaperSizes.m in Sources */,
				6F640E7921943B1F001A7BFD /* StarPrinter.m in Sources */,
				6F547A7321B10F2C00CCEABF /* CommandQueueManager.m in Sources */,
				6F35605321AD678600EC9094 /* PrinterSetting.m in Sources */,
				6FF1980921A57C2300DCA472 /* DictionaryMappable.m in Sources */,
				6F35603B21AD42AD00EC9094 /* CommandGenerator.m in Sources */,
			);
			runOnlyForDeploymentPostprocessing = 0;
		};
/* End PBXSourcesBuildPhase section */

/* Begin XCBuildConfiguration section */
		58B511ED1A9E6C8500147676 /* Debug */ = {
			isa = XCBuildConfiguration;
			buildSettings = {
				ALWAYS_SEARCH_USER_PATHS = NO;
				CLANG_CXX_LANGUAGE_STANDARD = "gnu++0x";
				CLANG_CXX_LIBRARY = "libc++";
				CLANG_ENABLE_MODULES = YES;
				CLANG_ENABLE_OBJC_ARC = YES;
				CLANG_WARN_BLOCK_CAPTURE_AUTORELEASING = YES;
				CLANG_WARN_BOOL_CONVERSION = YES;
				CLANG_WARN_COMMA = YES;
				CLANG_WARN_CONSTANT_CONVERSION = YES;
				CLANG_WARN_DEPRECATED_OBJC_IMPLEMENTATIONS = YES;
				CLANG_WARN_DIRECT_OBJC_ISA_USAGE = YES_ERROR;
				CLANG_WARN_EMPTY_BODY = YES;
				CLANG_WARN_ENUM_CONVERSION = YES;
				CLANG_WARN_INFINITE_RECURSION = YES;
				CLANG_WARN_INT_CONVERSION = YES;
				CLANG_WARN_NON_LITERAL_NULL_CONVERSION = YES;
				CLANG_WARN_OBJC_IMPLICIT_RETAIN_SELF = YES;
				CLANG_WARN_OBJC_LITERAL_CONVERSION = YES;
				CLANG_WARN_OBJC_ROOT_CLASS = YES_ERROR;
				CLANG_WARN_RANGE_LOOP_ANALYSIS = YES;
				CLANG_WARN_STRICT_PROTOTYPES = YES;
				CLANG_WARN_SUSPICIOUS_MOVE = YES;
				CLANG_WARN_UNREACHABLE_CODE = YES;
				CLANG_WARN__DUPLICATE_METHOD_MATCH = YES;
				COPY_PHASE_STRIP = NO;
				ENABLE_STRICT_OBJC_MSGSEND = YES;
				ENABLE_TESTABILITY = YES;
				GCC_C_LANGUAGE_STANDARD = gnu99;
				GCC_DYNAMIC_NO_PIC = NO;
				GCC_NO_COMMON_BLOCKS = YES;
				GCC_OPTIMIZATION_LEVEL = 0;
				GCC_PREPROCESSOR_DEFINITIONS = (
					"DEBUG=1",
					"$(inherited)",
				);
				GCC_SYMBOLS_PRIVATE_EXTERN = NO;
				GCC_WARN_64_TO_32_BIT_CONVERSION = YES;
				GCC_WARN_ABOUT_RETURN_TYPE = YES_ERROR;
				GCC_WARN_UNDECLARED_SELECTOR = YES;
				GCC_WARN_UNINITIALIZED_AUTOS = YES_AGGRESSIVE;
				GCC_WARN_UNUSED_FUNCTION = YES;
				GCC_WARN_UNUSED_VARIABLE = YES;
				IPHONEOS_DEPLOYMENT_TARGET = 8.0;
				MTL_ENABLE_DEBUG_INFO = YES;
				ONLY_ACTIVE_ARCH = YES;
				SDKROOT = iphoneos;
			};
			name = Debug;
		};
		58B511EE1A9E6C8500147676 /* Release */ = {
			isa = XCBuildConfiguration;
			buildSettings = {
				ALWAYS_SEARCH_USER_PATHS = NO;
				CLANG_CXX_LANGUAGE_STANDARD = "gnu++0x";
				CLANG_CXX_LIBRARY = "libc++";
				CLANG_ENABLE_MODULES = YES;
				CLANG_ENABLE_OBJC_ARC = YES;
				CLANG_WARN_BLOCK_CAPTURE_AUTORELEASING = YES;
				CLANG_WARN_BOOL_CONVERSION = YES;
				CLANG_WARN_COMMA = YES;
				CLANG_WARN_CONSTANT_CONVERSION = YES;
				CLANG_WARN_DEPRECATED_OBJC_IMPLEMENTATIONS = YES;
				CLANG_WARN_DIRECT_OBJC_ISA_USAGE = YES_ERROR;
				CLANG_WARN_EMPTY_BODY = YES;
				CLANG_WARN_ENUM_CONVERSION = YES;
				CLANG_WARN_INFINITE_RECURSION = YES;
				CLANG_WARN_INT_CONVERSION = YES;
				CLANG_WARN_NON_LITERAL_NULL_CONVERSION = YES;
				CLANG_WARN_OBJC_IMPLICIT_RETAIN_SELF = YES;
				CLANG_WARN_OBJC_LITERAL_CONVERSION = YES;
				CLANG_WARN_OBJC_ROOT_CLASS = YES_ERROR;
				CLANG_WARN_RANGE_LOOP_ANALYSIS = YES;
				CLANG_WARN_STRICT_PROTOTYPES = YES;
				CLANG_WARN_SUSPICIOUS_MOVE = YES;
				CLANG_WARN_UNREACHABLE_CODE = YES;
				CLANG_WARN__DUPLICATE_METHOD_MATCH = YES;
				COPY_PHASE_STRIP = YES;
				ENABLE_NS_ASSERTIONS = NO;
				ENABLE_STRICT_OBJC_MSGSEND = YES;
				GCC_C_LANGUAGE_STANDARD = gnu99;
				GCC_NO_COMMON_BLOCKS = YES;
				GCC_WARN_64_TO_32_BIT_CONVERSION = YES;
				GCC_WARN_ABOUT_RETURN_TYPE = YES_ERROR;
				GCC_WARN_UNDECLARED_SELECTOR = YES;
				GCC_WARN_UNINITIALIZED_AUTOS = YES_AGGRESSIVE;
				GCC_WARN_UNUSED_FUNCTION = YES;
				GCC_WARN_UNUSED_VARIABLE = YES;
				IPHONEOS_DEPLOYMENT_TARGET = 8.0;
				MTL_ENABLE_DEBUG_INFO = NO;
				SDKROOT = iphoneos;
				SWIFT_COMPILATION_MODE = wholemodule;
				VALIDATE_PRODUCT = YES;
			};
			name = Release;
		};
		58B511F01A9E6C8500147676 /* Debug */ = {
			isa = XCBuildConfiguration;
			buildSettings = {
				CLANG_ENABLE_MODULES = YES;
				DEFINES_MODULE = NO;
				FRAMEWORK_SEARCH_PATHS = (
					"$(inherited)",
					"$(PROJECT_DIR)",
				);
				HEADER_SEARCH_PATHS = (
					"$(inherited)",
					/Applications/Xcode.app/Contents/Developer/Toolchains/XcodeDefault.xctoolchain/usr/include,
					"$(SRCROOT)/../../../React/**",
					"$(SRCROOT)/../../react-native/React/**",
					"$(SRCROOT)/Frameworks",
				);
				LD_RUNPATH_SEARCH_PATHS = "$(inherited) @executable_path/Frameworks @loader_path/Frameworks";
				LIBRARY_SEARCH_PATHS = "$(inherited)";
				MACH_O_TYPE = staticlib;
				OTHER_LDFLAGS = "-ObjC";
				PRODUCT_NAME = RNStarPrinter;
				SKIP_INSTALL = YES;
				SWIFT_OBJC_BRIDGING_HEADER = "RNStarPrinter-Bridging-Header.h";
				SWIFT_OPTIMIZATION_LEVEL = "-Onone";
				SWIFT_VERSION = 4.2;
			};
			name = Debug;
		};
		58B511F11A9E6C8500147676 /* Release */ = {
			isa = XCBuildConfiguration;
			buildSettings = {
				CLANG_ENABLE_MODULES = YES;
				DEFINES_MODULE = NO;
				FRAMEWORK_SEARCH_PATHS = (
					"$(inherited)",
					"$(PROJECT_DIR)",
				);
				HEADER_SEARCH_PATHS = (
					"$(inherited)",
					/Applications/Xcode.app/Contents/Developer/Toolchains/XcodeDefault.xctoolchain/usr/include,
					"$(SRCROOT)/../../../React/**",
					"$(SRCROOT)/../../react-native/React/**",
					"$(SRCROOT)/Frameworks",
				);
				LD_RUNPATH_SEARCH_PATHS = "$(inherited) @executable_path/Frameworks @loader_path/Frameworks";
				LIBRARY_SEARCH_PATHS = "$(inherited)";
				MACH_O_TYPE = staticlib;
				OTHER_LDFLAGS = "-ObjC";
				PRODUCT_NAME = RNStarPrinter;
				SKIP_INSTALL = YES;
				SWIFT_OBJC_BRIDGING_HEADER = "RNStarPrinter-Bridging-Header.h";
				SWIFT_VERSION = 4.2;
			};
			name = Release;
		};
/* End XCBuildConfiguration section */

/* Begin XCConfigurationList section */
		58B511D61A9E6C8500147676 /* Build configuration list for PBXProject "RNStarPrinter" */ = {
			isa = XCConfigurationList;
			buildConfigurations = (
				58B511ED1A9E6C8500147676 /* Debug */,
				58B511EE1A9E6C8500147676 /* Release */,
			);
			defaultConfigurationIsVisible = 0;
			defaultConfigurationName = Release;
		};
		58B511EF1A9E6C8500147676 /* Build configuration list for PBXNativeTarget "RNStarPrinter" */ = {
			isa = XCConfigurationList;
			buildConfigurations = (
				58B511F01A9E6C8500147676 /* Debug */,
				58B511F11A9E6C8500147676 /* Release */,
			);
			defaultConfigurationIsVisible = 0;
			defaultConfigurationName = Release;
		};
/* End XCConfigurationList section */
	};
	rootObject = 58B511D31A9E6C8500147676 /* Project object */;
}
